
Microsoft Visual Studio Solution File, Format Version 12.00
# Visual Studio Version 16
VisualStudioVersion = 16.0.30907.101
MinimumVisualStudioVersion = 10.0.40219.1
Project("{888888A0-9F3D-457C-B088-3A5042F75D52}") = "StockEye", "StockEye\StockEye.pyproj", "{705BA3F7-8F28-4074-8A84-B61E141A764C}"
EndProject
Global
	GlobalSection(SolutionConfigurationPlatforms) = preSolution
		Debug|Any CPU = Debug|Any CPU
		Release|Any CPU = Release|Any CPU
	EndGlobalSection
	GlobalSection(ProjectConfigurationPlatforms) = postSolution
		{705BA3F7-8F28-4074-8A84-B61E141A764C}.Debug|Any CPU.ActiveCfg = Debug|Any CPU
		{705BA3F7-8F28-4074-8A84-B61E141A764C}.Debug|Any CPU.Build.0 = Debug|Any CPU
		{705BA3F7-8F28-4074-8A84-B61E141A764C}.Release|Any CPU.ActiveCfg = Release|Any CPU
		{705BA3F7-8F28-4074-8A84-B61E141A764C}.Release|Any CPU.Build.0 = Release|Any CPU
	EndGlobalSection
	GlobalSection(SolutionProperties) = preSolution
		HideSolutionNode = FALSE
	EndGlobalSection
	GlobalSection(ExtensibilityGlobals) = postSolution
		SolutionGuid = {CE126BE1-413F-4FFB-A01F-F5EBDE0813A3}
	EndGlobalSection
EndGlobal
